{
    "name": "ts-issues",
    "lockfileVersion": 3,
    "requires": true,
    "packages": {
        "": {
            "dependencies": {
                "typescript": "next"
            }
        },
        "node_modules/typescript": {
            "version": "5.8.2",
            "resolved": "https://azdevops01.beckhoff.com/GSW01/_packaging/Common/npm/registry/typescript/-/typescript-5.8.2.tgz",
            "integrity": "sha1-gXCzcC90t52y5aliB8FeZYB5meQ=",
            "license": "Apache-2.0",
            "bin": {
                "tsc": "bin/tsc",
                "tsserver": "bin/tsserver"
            },
            "engines": {
                "node": ">=14.17"
            }
        }
    }
}
